
Microsoft Visual Studio Solution File, Format Version 12.00
# Visual Studio 15
VisualStudioVersion = 15.0.28307.168
MinimumVisualStudioVersion = 10.0.40219.1
Project("{FAE04EC0-301F-11D3-BF4B-00C04F79EFBC}") = "001_Images", "001_Images\001_Images.csproj", "{1BF08ABD-9FC4-4388-9061-DB360EABE64B}"
EndProject
Project("{FAE04EC0-301F-11D3-BF4B-00C04F79EFBC}") = "002_Background", "002_Background\002_Background.csproj", "{1B4349DA-4D16-4426-8C93-5FB2B70AB1E2}"
EndProject
Project("{FAE04EC0-301F-11D3-BF4B-00C04F79EFBC}") = "003_Imagemap", "003_Imagemap\003_Imagemap.csproj", "{89EB3963-A333-4F07-A6E3-E581EC032BCE}"
EndProject
Global
	GlobalSection(SolutionConfigurationPlatforms) = preSolution
		Debug|Any CPU = Debug|Any CPU
		Release|Any CPU = Release|Any CPU
	EndGlobalSection
	GlobalSection(ProjectConfigurationPlatforms) = postSolution
		{1BF08ABD-9FC4-4388-9061-DB360EABE64B}.Debug|Any CPU.ActiveCfg = Debug|Any CPU
		{1BF08ABD-9FC4-4388-9061-DB360EABE64B}.Debug|Any CPU.Build.0 = Debug|Any CPU
		{1BF08ABD-9FC4-4388-9061-DB360EABE64B}.Release|Any CPU.ActiveCfg = Release|Any CPU
		{1BF08ABD-9FC4-4388-9061-DB360EABE64B}.Release|Any CPU.Build.0 = Release|Any CPU
		{1B4349DA-4D16-4426-8C93-5FB2B70AB1E2}.Debug|Any CPU.ActiveCfg = Debug|Any CPU
		{1B4349DA-4D16-4426-8C93-5FB2B70AB1E2}.Debug|Any CPU.Build.0 = Debug|Any CPU
		{1B4349DA-4D16-4426-8C93-5FB2B70AB1E2}.Release|Any CPU.ActiveCfg = Release|Any CPU
		{1B4349DA-4D16-4426-8C93-5FB2B70AB1E2}.Release|Any CPU.Build.0 = Release|Any CPU
		{89EB3963-A333-4F07-A6E3-E581EC032BCE}.Debug|Any CPU.ActiveCfg = Debug|Any CPU
		{89EB3963-A333-4F07-A6E3-E581EC032BCE}.Debug|Any CPU.Build.0 = Debug|Any CPU
		{89EB3963-A333-4F07-A6E3-E581EC032BCE}.Release|Any CPU.ActiveCfg = Release|Any CPU
		{89EB3963-A333-4F07-A6E3-E581EC032BCE}.Release|Any CPU.Build.0 = Release|Any CPU
	EndGlobalSection
	GlobalSection(SolutionProperties) = preSolution
		HideSolutionNode = FALSE
	EndGlobalSection
	GlobalSection(ExtensibilityGlobals) = postSolution
		SolutionGuid = {B746733A-AD8D-46D4-90A0-C34DB0F8B8F1}
	EndGlobalSection
EndGlobal
